
Microsoft Visual Studio Solution File, Format Version 12.00
# Visual Studio Version 16
VisualStudioVersion = 16.0.29613.14
MinimumVisualStudioVersion = 10.0.40219.1
Project("{9A19103F-16F7-4668-BE54-9A1E7A4F7556}") = "AlphaVantageRetriever", "AlphaVantageRetriever\AlphaVantageRetriever.csproj", "{BFDFB6DF-47FD-4FF0-A747-785C2DB6214F}"
EndProject
Project("{2150E333-8FDC-42A3-9474-1A3956D46DE8}") = "external", "external", "{FB24A16E-4AE6-42CF-AEA9-0E010A421AD7}"
EndProject
Project("{9A19103F-16F7-4668-BE54-9A1E7A4F7556}") = "J4JLogging", "..\J4JLogging\J4JLogging\J4JLogging.csproj", "{DEADAC8F-2A01-42DF-996C-276AB58C46EE}"
EndProject
Project("{9A19103F-16F7-4668-BE54-9A1E7A4F7556}") = "EFCoreUtilities", "..\EFCoreUtilities\EFCoreUtilities\EFCoreUtilities.csproj", "{7C655D63-A667-405F-8B7D-347C4183530E}"
EndProject
Global
	GlobalSection(SolutionConfigurationPlatforms) = preSolution
		Debug|Any CPU = Debug|Any CPU
		Release|Any CPU = Release|Any CPU
	EndGlobalSection
	GlobalSection(ProjectConfigurationPlatforms) = postSolution
		{BFDFB6DF-47FD-4FF0-A747-785C2DB6214F}.Debug|Any CPU.ActiveCfg = Debug|Any CPU
		{BFDFB6DF-47FD-4FF0-A747-785C2DB6214F}.Debug|Any CPU.Build.0 = Debug|Any CPU
		{BFDFB6DF-47FD-4FF0-A747-785C2DB6214F}.Release|Any CPU.ActiveCfg = Release|Any CPU
		{BFDFB6DF-47FD-4FF0-A747-785C2DB6214F}.Release|Any CPU.Build.0 = Release|Any CPU
		{DEADAC8F-2A01-42DF-996C-276AB58C46EE}.Debug|Any CPU.ActiveCfg = Debug|Any CPU
		{DEADAC8F-2A01-42DF-996C-276AB58C46EE}.Debug|Any CPU.Build.0 = Debug|Any CPU
		{DEADAC8F-2A01-42DF-996C-276AB58C46EE}.Release|Any CPU.ActiveCfg = Release|Any CPU
		{DEADAC8F-2A01-42DF-996C-276AB58C46EE}.Release|Any CPU.Build.0 = Release|Any CPU
		{7C655D63-A667-405F-8B7D-347C4183530E}.Debug|Any CPU.ActiveCfg = Debug|Any CPU
		{7C655D63-A667-405F-8B7D-347C4183530E}.Debug|Any CPU.Build.0 = Debug|Any CPU
		{7C655D63-A667-405F-8B7D-347C4183530E}.Release|Any CPU.ActiveCfg = Release|Any CPU
		{7C655D63-A667-405F-8B7D-347C4183530E}.Release|Any CPU.Build.0 = Release|Any CPU
	EndGlobalSection
	GlobalSection(SolutionProperties) = preSolution
		HideSolutionNode = FALSE
	EndGlobalSection
	GlobalSection(NestedProjects) = preSolution
		{DEADAC8F-2A01-42DF-996C-276AB58C46EE} = {FB24A16E-4AE6-42CF-AEA9-0E010A421AD7}
		{7C655D63-A667-405F-8B7D-347C4183530E} = {FB24A16E-4AE6-42CF-AEA9-0E010A421AD7}
	EndGlobalSection
	GlobalSection(ExtensibilityGlobals) = postSolution
		SolutionGuid = {80823F58-7DA0-4AB3-B332-CD8D4AF5CE8C}
	EndGlobalSection
EndGlobal
